// !$*UTF8*$!
{
	archiveVersion = 1;
	classes = {
	};
	objectVersion = 46;
	objects = {

/* Begin PBXBuildFile section */
		663D9C0C195409810040B636 /* libITKBiasCorrection-4.1.a in Frameworks */ = {isa = PBXBuildFile; fileRef = 663D9BBE1954097C0040B636 /* libITKBiasCorrection-4.1.a */; };
		663D9C0D195409810040B636 /* libITKBioCell-4.1.a in Frameworks */ = {isa = PBXBuildFile; fileRef = 663D9BBF1954097C0040B636 /* libITKBioCell-4.1.a */; };
		663D9C0E195409810040B636 /* libITKCommon-4.1.a in Frameworks */ = {isa = PBXBuildFile; fileRef = 663D9BC01954097C0040B636 /* libITKCommon-4.1.a */; };
		663D9C0F195409810040B636 /* libITKDeprecated-4.1.a in Frameworks */ = {isa = PBXBuildFile; fileRef = 663D9BC11954097C0040B636 /* libITKDeprecated-4.1.a */; };
		663D9C10195409810040B636 /* libITKDICOMParser-4.1.a in Frameworks */ = {isa = PBXBuildFile; fileRef = 663D9BC21954097C0040B636 /* libITKDICOMParser-4.1.a */; };
		663D9C11195409810040B636 /* libITKEXPAT-4.1.a in Frameworks */ = {isa = PBXBuildFile; fileRef = 663D9BC31954097C0040B636 /* libITKEXPAT-4.1.a */; };
		663D9C12195409810040B636 /* libITKFEM-4.1.a in Frameworks */ = {isa = PBXBuildFile; fileRef = 663D9BC41954097C0040B636 /* libITKFEM-4.1.a */; };
		663D9C13195409810040B636 /* libitkgdcmCommon-4.1.a in Frameworks */ = {isa = PBXBuildFile; fileRef = 663D9BC51954097C0040B636 /* libitkgdcmCommon-4.1.a */; };
		663D9C14195409810040B636 /* libitkgdcmDICT-4.1.a in Frameworks */ = {isa = PBXBuildFile; fileRef = 663D9BC61954097D0040B636 /* libitkgdcmDICT-4.1.a */; };
		663D9C15195409810040B636 /* libitkgdcmDSED-4.1.a in Frameworks */ = {isa = PBXBuildFile; fileRef = 663D9BC71954097D0040B636 /* libitkgdcmDSED-4.1.a */; };
		663D9C16195409810040B636 /* libitkgdcmIOD-4.1.a in Frameworks */ = {isa = PBXBuildFile; fileRef = 663D9BC81954097D0040B636 /* libitkgdcmIOD-4.1.a */; };
		663D9C17195409810040B636 /* libitkgdcmjpeg8-4.1.a in Frameworks */ = {isa = PBXBuildFile; fileRef = 663D9BC91954097D0040B636 /* libitkgdcmjpeg8-4.1.a */; };
		663D9C18195409810040B636 /* libitkgdcmjpeg12-4.1.a in Frameworks */ = {isa = PBXBuildFile; fileRef = 663D9BCA1954097D0040B636 /* libitkgdcmjpeg12-4.1.a */; };
		663D9C19195409810040B636 /* libitkgdcmjpeg16-4.1.a in Frameworks */ = {isa = PBXBuildFile; fileRef = 663D9BCB1954097D0040B636 /* libitkgdcmjpeg16-4.1.a */; };
		663D9C1A195409810040B636 /* libitkgdcmMSFF-4.1.a in Frameworks */ = {isa = PBXBuildFile; fileRef = 663D9BCC1954097D0040B636 /* libitkgdcmMSFF-4.1.a */; };
		663D9C1B195409810040B636 /* libitkgdcmuuid-4.1.a in Frameworks */ = {isa = PBXBuildFile; fileRef = 663D9BCD1954097D0040B636 /* libitkgdcmuuid-4.1.a */; };
		663D9C1C195409810040B636 /* libITKgiftiio-4.1.a in Frameworks */ = {isa = PBXBuildFile; fileRef = 663D9BCE1954097D0040B636 /* libITKgiftiio-4.1.a */; };
		663D9C1D195409810040B636 /* libitkhdf5_cpp-4.1.a in Frameworks */ = {isa = PBXBuildFile; fileRef = 663D9BCF1954097D0040B636 /* libitkhdf5_cpp-4.1.a */; };
		663D9C1E195409810040B636 /* libitkhdf5-4.1.a in Frameworks */ = {isa = PBXBuildFile; fileRef = 663D9BD01954097D0040B636 /* libitkhdf5-4.1.a */; };
		663D9C1F195409810040B636 /* libITKIOBioRad-4.1.a in Frameworks */ = {isa = PBXBuildFile; fileRef = 663D9BD11954097D0040B636 /* libITKIOBioRad-4.1.a */; };
		663D9C20195409810040B636 /* libITKIOBMP-4.1.a in Frameworks */ = {isa = PBXBuildFile; fileRef = 663D9BD21954097D0040B636 /* libITKIOBMP-4.1.a */; };
		663D9C21195409810040B636 /* libITKIOCSV-4.1.a in Frameworks */ = {isa = PBXBuildFile; fileRef = 663D9BD31954097D0040B636 /* libITKIOCSV-4.1.a */; };
		663D9C22195409810040B636 /* libITKIOGDCM-4.1.a in Frameworks */ = {isa = PBXBuildFile; fileRef = 663D9BD41954097D0040B636 /* libITKIOGDCM-4.1.a */; };
		663D9C23195409810040B636 /* libITKIOGE-4.1.a in Frameworks */ = {isa = PBXBuildFile; fileRef = 663D9BD51954097D0040B636 /* libITKIOGE-4.1.a */; };
		663D9C24195409810040B636 /* libITKIOGIPL-4.1.a in Frameworks */ = {isa = PBXBuildFile; fileRef = 663D9BD61954097D0040B636 /* libITKIOGIPL-4.1.a */; };
		663D9C25195409810040B636 /* libITKIOHDF5-4.1.a in Frameworks */ = {isa = PBXBuildFile; fileRef = 663D9BD71954097E0040B636 /* libITKIOHDF5-4.1.a */; };
		663D9C26195409810040B636 /* libITKIOImageBase-4.1.a in Frameworks */ = {isa = PBXBuildFile; fileRef = 663D9BD81954097E0040B636 /* libITKIOImageBase-4.1.a */; };
		663D9C27195409810040B636 /* libITKIOIPL-4.1.a in Frameworks */ = {isa = PBXBuildFile; fileRef = 663D9BD91954097E0040B636 /* libITKIOIPL-4.1.a */; };
		663D9C28195409810040B636 /* libITKIOJPEG-4.1.a in Frameworks */ = {isa = PBXBuildFile; fileRef = 663D9BDA1954097E0040B636 /* libITKIOJPEG-4.1.a */; };
		663D9C29195409810040B636 /* libITKIOLSM-4.1.a in Frameworks */ = {isa = PBXBuildFile; fileRef = 663D9BDB1954097E0040B636 /* libITKIOLSM-4.1.a */; };
		663D9C2A195409810040B636 /* libITKIOMesh-4.1.a in Frameworks */ = {isa = PBXBuildFile; fileRef = 663D9BDC1954097E0040B636 /* libITKIOMesh-4.1.a */; };
		663D9C2B195409810040B636 /* libITKIOMeta-4.1.a in Frameworks */ = {isa = PBXBuildFile; fileRef = 663D9BDD1954097E0040B636 /* libITKIOMeta-4.1.a */; };
		663D9C2C195409810040B636 /* libITKIONIFTI-4.1.a in Frameworks */ = {isa = PBXBuildFile; fileRef = 663D9BDE1954097E0040B636 /* libITKIONIFTI-4.1.a */; };
		663D9C2D195409810040B636 /* libITKIONRRD-4.1.a in Frameworks */ = {isa = PBXBuildFile; fileRef = 663D9BDF1954097E0040B636 /* libITKIONRRD-4.1.a */; };
		663D9C2E195409810040B636 /* libITKIOPNG-4.1.a in Frameworks */ = {isa = PBXBuildFile; fileRef = 663D9BE01954097E0040B636 /* libITKIOPNG-4.1.a */; };
		663D9C2F195409810040B636 /* libITKIOSiemens-4.1.a in Frameworks */ = {isa = PBXBuildFile; fileRef = 663D9BE11954097E0040B636 /* libITKIOSiemens-4.1.a */; };
		663D9C30195409810040B636 /* libITKIOSpatialObjects-4.1.a in Frameworks */ = {isa = PBXBuildFile; fileRef = 663D9BE21954097E0040B636 /* libITKIOSpatialObjects-4.1.a */; };
		663D9C31195409810040B636 /* libITKIOStimulate-4.1.a in Frameworks */ = {isa = PBXBuildFile; fileRef = 663D9BE31954097E0040B636 /* libITKIOStimulate-4.1.a */; };
		663D9C32195409810040B636 /* libITKIOTIFF-4.1.a in Frameworks */ = {isa = PBXBuildFile; fileRef = 663D9BE41954097E0040B636 /* libITKIOTIFF-4.1.a */; };
		663D9C33195409810040B636 /* libITKIOTransformBase-4.1.a in Frameworks */ = {isa = PBXBuildFile; fileRef = 663D9BE51954097E0040B636 /* libITKIOTransformBase-4.1.a */; };
		663D9C34195409810040B636 /* libITKIOTransformHDF5-4.1.a in Frameworks */ = {isa = PBXBuildFile; fileRef = 663D9BE61954097E0040B636 /* libITKIOTransformHDF5-4.1.a */; };
		663D9C35195409810040B636 /* libITKIOTransformInsightLegacy-4.1.a in Frameworks */ = {isa = PBXBuildFile; fileRef = 663D9BE71954097E0040B636 /* libITKIOTransformInsightLegacy-4.1.a */; };
		663D9C36195409810040B636 /* libITKIOTransformMatlab-4.1.a in Frameworks */ = {isa = PBXBuildFile; fileRef = 663D9BE81954097E0040B636 /* libITKIOTransformMatlab-4.1.a */; };
		663D9C37195409810040B636 /* libITKIOVTK-4.1.a in Frameworks */ = {isa = PBXBuildFile; fileRef = 663D9BE91954097F0040B636 /* libITKIOVTK-4.1.a */; };
		663D9C38195409810040B636 /* libITKIOXML-4.1.a in Frameworks */ = {isa = PBXBuildFile; fileRef = 663D9BEA1954097F0040B636 /* libITKIOXML-4.1.a */; };
		663D9C39195409810040B636 /* libitkjpeg-4.1.a in Frameworks */ = {isa = PBXBuildFile; fileRef = 663D9BEB1954097F0040B636 /* libitkjpeg-4.1.a */; };
		663D9C3A195409810040B636 /* libITKKLMRegionGrowing-4.1.a in Frameworks */ = {isa = PBXBuildFile; fileRef = 663D9BEC1954097F0040B636 /* libITKKLMRegionGrowing-4.1.a */; };
		663D9C3B195409810040B636 /* libITKLabelMap-4.1.a in Frameworks */ = {isa = PBXBuildFile; fileRef = 663D9BED1954097F0040B636 /* libITKLabelMap-4.1.a */; };
		663D9C3C195409810040B636 /* libITKMesh-4.1.a in Frameworks */ = {isa = PBXBuildFile; fileRef = 663D9BEE1954097F0040B636 /* libITKMesh-4.1.a */; };
		663D9C3D195409810040B636 /* libITKMetaIO-4.1.a in Frameworks */ = {isa = PBXBuildFile; fileRef = 663D9BEF1954097F0040B636 /* libITKMetaIO-4.1.a */; };
		663D9C3E195409810040B636 /* libitkNetlibSlatec-4.1.a in Frameworks */ = {isa = PBXBuildFile; fileRef = 663D9BF01954097F0040B636 /* libitkNetlibSlatec-4.1.a */; };
		663D9C3F195409810040B636 /* libITKniftiio-4.1.a in Frameworks */ = {isa = PBXBuildFile; fileRef = 663D9BF11954097F0040B636 /* libITKniftiio-4.1.a */; };
		663D9C40195409810040B636 /* libITKNrrdIO-4.1.a in Frameworks */ = {isa = PBXBuildFile; fileRef = 663D9BF21954097F0040B636 /* libITKNrrdIO-4.1.a */; };
		663D9C41195409810040B636 /* libitkopenjpeg-4.1.a in Frameworks */ = {isa = PBXBuildFile; fileRef = 663D9BF31954097F0040B636 /* libitkopenjpeg-4.1.a */; };
		663D9C42195409810040B636 /* libITKOptimizers-4.1.a in Frameworks */ = {isa = PBXBuildFile; fileRef = 663D9BF41954097F0040B636 /* libITKOptimizers-4.1.a */; };
		663D9C43195409810040B636 /* libITKOptimizersv4-4.1.a in Frameworks */ = {isa = PBXBuildFile; fileRef = 663D9BF51954097F0040B636 /* libITKOptimizersv4-4.1.a */; };
		663D9C44195409810040B636 /* libITKPath-4.1.a in Frameworks */ = {isa = PBXBuildFile; fileRef = 663D9BF61954097F0040B636 /* libITKPath-4.1.a */; };
		663D9C45195409810040B636 /* libitkpng-4.1.a in Frameworks */ = {isa = PBXBuildFile; fileRef = 663D9BF71954097F0040B636 /* libitkpng-4.1.a */; };
		663D9C46195409810040B636 /* libITKPolynomials-4.1.a in Frameworks */ = {isa = PBXBuildFile; fileRef = 663D9BF81954097F0040B636 /* libITKPolynomials-4.1.a */; };
		663D9C47195409810040B636 /* libITKQuadEdgeMesh-4.1.a in Frameworks */ = {isa = PBXBuildFile; fileRef = 663D9BF91954097F0040B636 /* libITKQuadEdgeMesh-4.1.a */; };
		663D9C48195409810040B636 /* libITKReview-4.1.a in Frameworks */ = {isa = PBXBuildFile; fileRef = 663D9BFA195409800040B636 /* libITKReview-4.1.a */; };
		663D9C49195409810040B636 /* libITKSpatialObjects-4.1.a in Frameworks */ = {isa = PBXBuildFile; fileRef = 663D9BFB195409800040B636 /* libITKSpatialObjects-4.1.a */; };
		663D9C4A195409810040B636 /* libITKStatistics-4.1.a in Frameworks */ = {isa = PBXBuildFile; fileRef = 663D9BFC195409800040B636 /* libITKStatistics-4.1.a */; };
		663D9C4B195409810040B636 /* libitksys-4.1.a in Frameworks */ = {isa = PBXBuildFile; fileRef = 663D9BFD195409800040B636 /* libitksys-4.1.a */; };
		663D9C4C195409810040B636 /* libitktestlib-4.1.a in Frameworks */ = {isa = PBXBuildFile; fileRef = 663D9BFE195409800040B636 /* libitktestlib-4.1.a */; };
		663D9C4D195409810040B636 /* libitktiff-4.1.a in Frameworks */ = {isa = PBXBuildFile; fileRef = 663D9BFF195409800040B636 /* libitktiff-4.1.a */; };
		663D9C4E195409810040B636 /* libitkv3p_lsqr-4.1.a in Frameworks */ = {isa = PBXBuildFile; fileRef = 663D9C00195409800040B636 /* libitkv3p_lsqr-4.1.a */; };
		663D9C4F195409810040B636 /* libitkv3p_netlib-4.1.a in Frameworks */ = {isa = PBXBuildFile; fileRef = 663D9C01195409800040B636 /* libitkv3p_netlib-4.1.a */; };
		663D9C50195409810040B636 /* libitkvcl-4.1.a in Frameworks */ = {isa = PBXBuildFile; fileRef = 663D9C02195409800040B636 /* libitkvcl-4.1.a */; };
		663D9C51195409810040B636 /* libITKVideoCore-4.1.a in Frameworks */ = {isa = PBXBuildFile; fileRef = 663D9C03195409800040B636 /* libITKVideoCore-4.1.a */; };
		663D9C52195409810040B636 /* libITKVideoIO-4.1.a in Frameworks */ = {isa = PBXBuildFile; fileRef = 663D9C04195409800040B636 /* libITKVideoIO-4.1.a */; };
		663D9C53195409810040B636 /* libitkvnl_algo-4.1.a in Frameworks */ = {isa = PBXBuildFile; fileRef = 663D9C05195409800040B636 /* libitkvnl_algo-4.1.a */; };
		663D9C54195409810040B636 /* libitkvnl-4.1.a in Frameworks */ = {isa = PBXBuildFile; fileRef = 663D9C06195409800040B636 /* libitkvnl-4.1.a */; };
		663D9C55195409810040B636 /* libITKVNLInstantiation-4.1.a in Frameworks */ = {isa = PBXBuildFile; fileRef = 663D9C07195409800040B636 /* libITKVNLInstantiation-4.1.a */; };
		663D9C56195409810040B636 /* libITKVTK-4.1.a in Frameworks */ = {isa = PBXBuildFile; fileRef = 663D9C08195409800040B636 /* libITKVTK-4.1.a */; };
		663D9C57195409810040B636 /* libITKWatersheds-4.1.a in Frameworks */ = {isa = PBXBuildFile; fileRef = 663D9C09195409800040B636 /* libITKWatersheds-4.1.a */; };
		663D9C58195409810040B636 /* libitkzlib-4.1.a in Frameworks */ = {isa = PBXBuildFile; fileRef = 663D9C0A195409800040B636 /* libitkzlib-4.1.a */; };
		663D9C59195409810040B636 /* libITKznz-4.1.a in Frameworks */ = {isa = PBXBuildFile; fileRef = 663D9C0B195409810040B636 /* libITKznz-4.1.a */; };
		66C200591952B550000FA937 /* MainNibWindowController.h in Headers */ = {isa = PBXBuildFile; fileRef = 66C200561952B550000FA937 /* MainNibWindowController.h */; };
		66C2005B1952B550000FA937 /* MainNibWindowController.xib in Resources */ = {isa = PBXBuildFile; fileRef = 66C200581952B550000FA937 /* MainNibWindowController.xib */; };
		66C200611952B9FF000FA937 /* MainNibWindowController.m in Sources */ = {isa = PBXBuildFile; fileRef = 66C200601952B9FF000FA937 /* MainNibWindowController.m */; };
		66E26F2A1954430D0077153F /* ITKtestFilter.m in Sources */ = {isa = PBXBuildFile; fileRef = 66E26F291954430D0077153F /* ITKtestFilter.m */; };
		8420023212E829A200E1E9CE /* OsiriXAPI.framework in Frameworks */ = {isa = PBXBuildFile; fileRef = 8420023112E829A200E1E9CE /* OsiriXAPI.framework */; settings = {ATTRIBUTES = (Weak, ); }; };
		8D5B49AE048680CD000E48DA /* ITKtest_Prefix.pch in Headers */ = {isa = PBXBuildFile; fileRef = 32DBCF630370AF2F00C91783 /* ITKtest_Prefix.pch */; };
		8D5B49B0048680CD000E48DA /* InfoPlist.strings in Resources */ = {isa = PBXBuildFile; fileRef = 089C167DFE841241C02AAC07 /* InfoPlist.strings */; };
		8D5B49B4048680CD000E48DA /* Cocoa.framework in Frameworks */ = {isa = PBXBuildFile; fileRef = 1058C7ADFEA557BF11CA2CBB /* Cocoa.framework */; };
		ABA48A650680BB600089EB4F /* ITKtestFilter.h in Headers */ = {isa = PBXBuildFile; fileRef = ABA48A640680BB600089EB4F /* ITKtestFilter.h */; };
/* End PBXBuildFile section */

/* Begin PBXFileReference section */
		089C1672FE841209C02AAC07 /* Foundation.framework */ = {isa = PBXFileReference; lastKnownFileType = wrapper.framework; name = Foundation.framework; path = /System/Library/Frameworks/Foundation.framework; sourceTree = "<absolute>"; };
		089C167EFE841241C02AAC07 /* English */ = {isa = PBXFileReference; fileEncoding = 10; lastKnownFileType = text.plist.strings; name = English; path = English.lproj/InfoPlist.strings; sourceTree = "<group>"; };
		089C167FFE841241C02AAC07 /* AppKit.framework */ = {isa = PBXFileReference; lastKnownFileType = wrapper.framework; name = AppKit.framework; path = /System/Library/Frameworks/AppKit.framework; sourceTree = "<absolute>"; };
		1058C7ADFEA557BF11CA2CBB /* Cocoa.framework */ = {isa = PBXFileReference; lastKnownFileType = wrapper.framework; name = Cocoa.framework; path = /System/Library/Frameworks/Cocoa.framework; sourceTree = "<absolute>"; };
		32DBCF630370AF2F00C91783 /* ITKtest_Prefix.pch */ = {isa = PBXFileReference; fileEncoding = 4; lastKnownFileType = sourcecode.c.h; path = ITKtest_Prefix.pch; sourceTree = "<group>"; };
		663D9BBE1954097C0040B636 /* libITKBiasCorrection-4.1.a */ = {isa = PBXFileReference; lastKnownFileType = archive.ar; name = "libITKBiasCorrection-4.1.a"; path = "../osirix/ITK180/lib/libITKBiasCorrection-4.1.a"; sourceTree = "<group>"; };
		663D9BBF1954097C0040B636 /* libITKBioCell-4.1.a */ = {isa = PBXFileReference; lastKnownFileType = archive.ar; name = "libITKBioCell-4.1.a"; path = "../osirix/ITK180/lib/libITKBioCell-4.1.a"; sourceTree = "<group>"; };
		663D9BC01954097C0040B636 /* libITKCommon-4.1.a */ = {isa = PBXFileReference; lastKnownFileType = archive.ar; name = "libITKCommon-4.1.a"; path = "../osirix/ITK180/lib/libITKCommon-4.1.a"; sourceTree = "<group>"; };
		663D9BC11954097C0040B636 /* libITKDeprecated-4.1.a */ = {isa = PBXFileReference; lastKnownFileType = archive.ar; name = "libITKDeprecated-4.1.a"; path = "../osirix/ITK180/lib/libITKDeprecated-4.1.a"; sourceTree = "<group>"; };
		663D9BC21954097C0040B636 /* libITKDICOMParser-4.1.a */ = {isa = PBXFileReference; lastKnownFileType = archive.ar; name = "libITKDICOMParser-4.1.a"; path = "../osirix/ITK180/lib/libITKDICOMParser-4.1.a"; sourceTree = "<group>"; };
		663D9BC31954097C0040B636 /* libITKEXPAT-4.1.a */ = {isa = PBXFileReference; lastKnownFileType = archive.ar; name = "libITKEXPAT-4.1.a"; path = "../osirix/ITK180/lib/libITKEXPAT-4.1.a"; sourceTree = "<group>"; };
		663D9BC41954097C0040B636 /* libITKFEM-4.1.a */ = {isa = PBXFileReference; lastKnownFileType = archive.ar; name = "libITKFEM-4.1.a"; path = "../osirix/ITK180/lib/libITKFEM-4.1.a"; sourceTree = "<group>"; };
		663D9BC51954097C0040B636 /* libitkgdcmCommon-4.1.a */ = {isa = PBXFileReference; lastKnownFileType = archive.ar; name = "libitkgdcmCommon-4.1.a"; path = "../osirix/ITK180/lib/libitkgdcmCommon-4.1.a"; sourceTree = "<group>"; };
		663D9BC61954097D0040B636 /* libitkgdcmDICT-4.1.a */ = {isa = PBXFileReference; lastKnownFileType = archive.ar; name = "libitkgdcmDICT-4.1.a"; path = "../osirix/ITK180/lib/libitkgdcmDICT-4.1.a"; sourceTree = "<group>"; };
		663D9BC71954097D0040B636 /* libitkgdcmDSED-4.1.a */ = {isa = PBXFileReference; lastKnownFileType = archive.ar; name = "libitkgdcmDSED-4.1.a"; path = "../osirix/ITK180/lib/libitkgdcmDSED-4.1.a"; sourceTree = "<group>"; };
		663D9BC81954097D0040B636 /* libitkgdcmIOD-4.1.a */ = {isa = PBXFileReference; lastKnownFileType = archive.ar; name = "libitkgdcmIOD-4.1.a"; path = "../osirix/ITK180/lib/libitkgdcmIOD-4.1.a"; sourceTree = "<group>"; };
		663D9BC91954097D0040B636 /* libitkgdcmjpeg8-4.1.a */ = {isa = PBXFileReference; lastKnownFileType = archive.ar; name = "libitkgdcmjpeg8-4.1.a"; path = "../osirix/ITK180/lib/libitkgdcmjpeg8-4.1.a"; sourceTree = "<group>"; };
		663D9BCA1954097D0040B636 /* libitkgdcmjpeg12-4.1.a */ = {isa = PBXFileReference; lastKnownFileType = archive.ar; name = "libitkgdcmjpeg12-4.1.a"; path = "../osirix/ITK180/lib/libitkgdcmjpeg12-4.1.a"; sourceTree = "<group>"; };
		663D9BCB1954097D0040B636 /* libitkgdcmjpeg16-4.1.a */ = {isa = PBXFileReference; lastKnownFileType = archive.ar; name = "libitkgdcmjpeg16-4.1.a"; path = "../osirix/ITK180/lib/libitkgdcmjpeg16-4.1.a"; sourceTree = "<group>"; };
		663D9BCC1954097D0040B636 /* libitkgdcmMSFF-4.1.a */ = {isa = PBXFileReference; lastKnownFileType = archive.ar; name = "libitkgdcmMSFF-4.1.a"; path = "../osirix/ITK180/lib/libitkgdcmMSFF-4.1.a"; sourceTree = "<group>"; };
		663D9BCD1954097D0040B636 /* libitkgdcmuuid-4.1.a */ = {isa = PBXFileReference; lastKnownFileType = archive.ar; name = "libitkgdcmuuid-4.1.a"; path = "../osirix/ITK180/lib/libitkgdcmuuid-4.1.a"; sourceTree = "<group>"; };
		663D9BCE1954097D0040B636 /* libITKgiftiio-4.1.a */ = {isa = PBXFileReference; lastKnownFileType = archive.ar; name = "libITKgiftiio-4.1.a"; path = "../osirix/ITK180/lib/libITKgiftiio-4.1.a"; sourceTree = "<group>"; };
		663D9BCF1954097D0040B636 /* libitkhdf5_cpp-4.1.a */ = {isa = PBXFileReference; lastKnownFileType = archive.ar; name = "libitkhdf5_cpp-4.1.a"; path = "../osirix/ITK180/lib/libitkhdf5_cpp-4.1.a"; sourceTree = "<group>"; };
		663D9BD01954097D0040B636 /* libitkhdf5-4.1.a */ = {isa = PBXFileReference; lastKnownFileType = archive.ar; name = "libitkhdf5-4.1.a"; path = "../osirix/ITK180/lib/libitkhdf5-4.1.a"; sourceTree = "<group>"; };
		663D9BD11954097D0040B636 /* libITKIOBioRad-4.1.a */ = {isa = PBXFileReference; lastKnownFileType = archive.ar; name = "libITKIOBioRad-4.1.a"; path = "../osirix/ITK180/lib/libITKIOBioRad-4.1.a"; sourceTree = "<group>"; };
		663D9BD21954097D0040B636 /* libITKIOBMP-4.1.a */ = {isa = PBXFileReference; lastKnownFileType = archive.ar; name = "libITKIOBMP-4.1.a"; path = "../osirix/ITK180/lib/libITKIOBMP-4.1.a"; sourceTree = "<group>"; };
		663D9BD31954097D0040B636 /* libITKIOCSV-4.1.a */ = {isa = PBXFileReference; lastKnownFileType = archive.ar; name = "libITKIOCSV-4.1.a"; path = "../osirix/ITK180/lib/libITKIOCSV-4.1.a"; sourceTree = "<group>"; };
		663D9BD41954097D0040B636 /* libITKIOGDCM-4.1.a */ = {isa = PBXFileReference; lastKnownFileType = archive.ar; name = "libITKIOGDCM-4.1.a"; path = "../osirix/ITK180/lib/libITKIOGDCM-4.1.a"; sourceTree = "<group>"; };
		663D9BD51954097D0040B636 /* libITKIOGE-4.1.a */ = {isa = PBXFileReference; lastKnownFileType = archive.ar; name = "libITKIOGE-4.1.a"; path = "../osirix/ITK180/lib/libITKIOGE-4.1.a"; sourceTree = "<group>"; };
		663D9BD61954097D0040B636 /* libITKIOGIPL-4.1.a */ = {isa = PBXFileReference; lastKnownFileType = archive.ar; name = "libITKIOGIPL-4.1.a"; path = "../osirix/ITK180/lib/libITKIOGIPL-4.1.a"; sourceTree = "<group>"; };
		663D9BD71954097E0040B636 /* libITKIOHDF5-4.1.a */ = {isa = PBXFileReference; lastKnownFileType = archive.ar; name = "libITKIOHDF5-4.1.a"; path = "../osirix/ITK180/lib/libITKIOHDF5-4.1.a"; sourceTree = "<group>"; };
		663D9BD81954097E0040B636 /* libITKIOImageBase-4.1.a */ = {isa = PBXFileReference; lastKnownFileType = archive.ar; name = "libITKIOImageBase-4.1.a"; path = "../osirix/ITK180/lib/libITKIOImageBase-4.1.a"; sourceTree = "<group>"; };
		663D9BD91954097E0040B636 /* libITKIOIPL-4.1.a */ = {isa = PBXFileReference; lastKnownFileType = archive.ar; name = "libITKIOIPL-4.1.a"; path = "../osirix/ITK180/lib/libITKIOIPL-4.1.a"; sourceTree = "<group>"; };
		663D9BDA1954097E0040B636 /* libITKIOJPEG-4.1.a */ = {isa = PBXFileReference; lastKnownFileType = archive.ar; name = "libITKIOJPEG-4.1.a"; path = "../osirix/ITK180/lib/libITKIOJPEG-4.1.a"; sourceTree = "<group>"; };
		663D9BDB1954097E0040B636 /* libITKIOLSM-4.1.a */ = {isa = PBXFileReference; lastKnownFileType = archive.ar; name = "libITKIOLSM-4.1.a"; path = "../osirix/ITK180/lib/libITKIOLSM-4.1.a"; sourceTree = "<group>"; };
		663D9BDC1954097E0040B636 /* libITKIOMesh-4.1.a */ = {isa = PBXFileReference; lastKnownFileType = archive.ar; name = "libITKIOMesh-4.1.a"; path = "../osirix/ITK180/lib/libITKIOMesh-4.1.a"; sourceTree = "<group>"; };
		663D9BDD1954097E0040B636 /* libITKIOMeta-4.1.a */ = {isa = PBXFileReference; lastKnownFileType = archive.ar; name = "libITKIOMeta-4.1.a"; path = "../osirix/ITK180/lib/libITKIOMeta-4.1.a"; sourceTree = "<group>"; };
		663D9BDE1954097E0040B636 /* libITKIONIFTI-4.1.a */ = {isa = PBXFileReference; lastKnownFileType = archive.ar; name = "libITKIONIFTI-4.1.a"; path = "../osirix/ITK180/lib/libITKIONIFTI-4.1.a"; sourceTree = "<group>"; };
		663D9BDF1954097E0040B636 /* libITKIONRRD-4.1.a */ = {isa = PBXFileReference; lastKnownFileType = archive.ar; name = "libITKIONRRD-4.1.a"; path = "../osirix/ITK180/lib/libITKIONRRD-4.1.a"; sourceTree = "<group>"; };
		663D9BE01954097E0040B636 /* libITKIOPNG-4.1.a */ = {isa = PBXFileReference; lastKnownFileType = archive.ar; name = "libITKIOPNG-4.1.a"; path = "../osirix/ITK180/lib/libITKIOPNG-4.1.a"; sourceTree = "<group>"; };
		663D9BE11954097E0040B636 /* libITKIOSiemens-4.1.a */ = {isa = PBXFileReference; lastKnownFileType = archive.ar; name = "libITKIOSiemens-4.1.a"; path = "../osirix/ITK180/lib/libITKIOSiemens-4.1.a"; sourceTree = "<group>"; };
		663D9BE21954097E0040B636 /* libITKIOSpatialObjects-4.1.a */ = {isa = PBXFileReference; lastKnownFileType = archive.ar; name = "libITKIOSpatialObjects-4.1.a"; path = "../osirix/ITK180/lib/libITKIOSpatialObjects-4.1.a"; sourceTree = "<group>"; };
		663D9BE31954097E0040B636 /* libITKIOStimulate-4.1.a */ = {isa = PBXFileReference; lastKnownFileType = archive.ar; name = "libITKIOStimulate-4.1.a"; path = "../osirix/ITK180/lib/libITKIOStimulate-4.1.a"; sourceTree = "<group>"; };
		663D9BE41954097E0040B636 /* libITKIOTIFF-4.1.a */ = {isa = PBXFileReference; lastKnownFileType = archive.ar; name = "libITKIOTIFF-4.1.a"; path = "../osirix/ITK180/lib/libITKIOTIFF-4.1.a"; sourceTree = "<group>"; };
		663D9BE51954097E0040B636 /* libITKIOTransformBase-4.1.a */ = {isa = PBXFileReference; lastKnownFileType = archive.ar; name = "libITKIOTransformBase-4.1.a"; path = "../osirix/ITK180/lib/libITKIOTransformBase-4.1.a"; sourceTree = "<group>"; };
		663D9BE61954097E0040B636 /* libITKIOTransformHDF5-4.1.a */ = {isa = PBXFileReference; lastKnownFileType = archive.ar; name = "libITKIOTransformHDF5-4.1.a"; path = "../osirix/ITK180/lib/libITKIOTransformHDF5-4.1.a"; sourceTree = "<group>"; };
		663D9BE71954097E0040B636 /* libITKIOTransformInsightLegacy-4.1.a */ = {isa = PBXFileReference; lastKnownFileType = archive.ar; name = "libITKIOTransformInsightLegacy-4.1.a"; path = "../osirix/ITK180/lib/libITKIOTransformInsightLegacy-4.1.a"; sourceTree = "<group>"; };
		663D9BE81954097E0040B636 /* libITKIOTransformMatlab-4.1.a */ = {isa = PBXFileReference; lastKnownFileType = archive.ar; name = "libITKIOTransformMatlab-4.1.a"; path = "../osirix/ITK180/lib/libITKIOTransformMatlab-4.1.a"; sourceTree = "<group>"; };
		663D9BE91954097F0040B636 /* libITKIOVTK-4.1.a */ = {isa = PBXFileReference; lastKnownFileType = archive.ar; name = "libITKIOVTK-4.1.a"; path = "../osirix/ITK180/lib/libITKIOVTK-4.1.a"; sourceTree = "<group>"; };
		663D9BEA1954097F0040B636 /* libITKIOXML-4.1.a */ = {isa = PBXFileReference; lastKnownFileType = archive.ar; name = "libITKIOXML-4.1.a"; path = "../osirix/ITK180/lib/libITKIOXML-4.1.a"; sourceTree = "<group>"; };
		663D9BEB1954097F0040B636 /* libitkjpeg-4.1.a */ = {isa = PBXFileReference; lastKnownFileType = archive.ar; name = "libitkjpeg-4.1.a"; path = "../osirix/ITK180/lib/libitkjpeg-4.1.a"; sourceTree = "<group>"; };
		663D9BEC1954097F0040B636 /* libITKKLMRegionGrowing-4.1.a */ = {isa = PBXFileReference; lastKnownFileType = archive.ar; name = "libITKKLMRegionGrowing-4.1.a"; path = "../osirix/ITK180/lib/libITKKLMRegionGrowing-4.1.a"; sourceTree = "<group>"; };
		663D9BED1954097F0040B636 /* libITKLabelMap-4.1.a */ = {isa = PBXFileReference; lastKnownFileType = archive.ar; name = "libITKLabelMap-4.1.a"; path = "../osirix/ITK180/lib/libITKLabelMap-4.1.a"; sourceTree = "<group>"; };
		663D9BEE1954097F0040B636 /* libITKMesh-4.1.a */ = {isa = PBXFileReference; lastKnownFileType = archive.ar; name = "libITKMesh-4.1.a"; path = "../osirix/ITK180/lib/libITKMesh-4.1.a"; sourceTree = "<group>"; };
		663D9BEF1954097F0040B636 /* libITKMetaIO-4.1.a */ = {isa = PBXFileReference; lastKnownFileType = archive.ar; name = "libITKMetaIO-4.1.a"; path = "../osirix/ITK180/lib/libITKMetaIO-4.1.a"; sourceTree = "<group>"; };
		663D9BF01954097F0040B636 /* libitkNetlibSlatec-4.1.a */ = {isa = PBXFileReference; lastKnownFileType = archive.ar; name = "libitkNetlibSlatec-4.1.a"; path = "../osirix/ITK180/lib/libitkNetlibSlatec-4.1.a"; sourceTree = "<group>"; };
		663D9BF11954097F0040B636 /* libITKniftiio-4.1.a */ = {isa = PBXFileReference; lastKnownFileType = archive.ar; name = "libITKniftiio-4.1.a"; path = "../osirix/ITK180/lib/libITKniftiio-4.1.a"; sourceTree = "<group>"; };
		663D9BF21954097F0040B636 /* libITKNrrdIO-4.1.a */ = {isa = PBXFileReference; lastKnownFileType = archive.ar; name = "libITKNrrdIO-4.1.a"; path = "../osirix/ITK180/lib/libITKNrrdIO-4.1.a"; sourceTree = "<group>"; };
		663D9BF31954097F0040B636 /* libitkopenjpeg-4.1.a */ = {isa = PBXFileReference; lastKnownFileType = archive.ar; name = "libitkopenjpeg-4.1.a"; path = "../osirix/ITK180/lib/libitkopenjpeg-4.1.a"; sourceTree = "<group>"; };
		663D9BF41954097F0040B636 /* libITKOptimizers-4.1.a */ = {isa = PBXFileReference; lastKnownFileType = archive.ar; name = "libITKOptimizers-4.1.a"; path = "../osirix/ITK180/lib/libITKOptimizers-4.1.a"; sourceTree = "<group>"; };
		663D9BF51954097F0040B636 /* libITKOptimizersv4-4.1.a */ = {isa = PBXFileReference; lastKnownFileType = archive.ar; name = "libITKOptimizersv4-4.1.a"; path = "../osirix/ITK180/lib/libITKOptimizersv4-4.1.a"; sourceTree = "<group>"; };
		663D9BF61954097F0040B636 /* libITKPath-4.1.a */ = {isa = PBXFileReference; lastKnownFileType = archive.ar; name = "libITKPath-4.1.a"; path = "../osirix/ITK180/lib/libITKPath-4.1.a"; sourceTree = "<group>"; };
		663D9BF71954097F0040B636 /* libitkpng-4.1.a */ = {isa = PBXFileReference; lastKnownFileType = archive.ar; name = "libitkpng-4.1.a"; path = "../osirix/ITK180/lib/libitkpng-4.1.a"; sourceTree = "<group>"; };
		663D9BF81954097F0040B636 /* libITKPolynomials-4.1.a */ = {isa = PBXFileReference; lastKnownFileType = archive.ar; name = "libITKPolynomials-4.1.a"; path = "../osirix/ITK180/lib/libITKPolynomials-4.1.a"; sourceTree = "<group>"; };
		663D9BF91954097F0040B636 /* libITKQuadEdgeMesh-4.1.a */ = {isa = PBXFileReference; lastKnownFileType = archive.ar; name = "libITKQuadEdgeMesh-4.1.a"; path = "../osirix/ITK180/lib/libITKQuadEdgeMesh-4.1.a"; sourceTree = "<group>"; };
		663D9BFA195409800040B636 /* libITKReview-4.1.a */ = {isa = PBXFileReference; lastKnownFileType = archive.ar; name = "libITKReview-4.1.a"; path = "../osirix/ITK180/lib/libITKReview-4.1.a"; sourceTree = "<group>"; };
		663D9BFB195409800040B636 /* libITKSpatialObjects-4.1.a */ = {isa = PBXFileReference; lastKnownFileType = archive.ar; name = "libITKSpatialObjects-4.1.a"; path = "../osirix/ITK180/lib/libITKSpatialObjects-4.1.a"; sourceTree = "<group>"; };
		663D9BFC195409800040B636 /* libITKStatistics-4.1.a */ = {isa = PBXFileReference; lastKnownFileType = archive.ar; name = "libITKStatistics-4.1.a"; path = "../osirix/ITK180/lib/libITKStatistics-4.1.a"; sourceTree = "<group>"; };
		663D9BFD195409800040B636 /* libitksys-4.1.a */ = {isa = PBXFileReference; lastKnownFileType = archive.ar; name = "libitksys-4.1.a"; path = "../osirix/ITK180/lib/libitksys-4.1.a"; sourceTree = "<group>"; };
		663D9BFE195409800040B636 /* libitktestlib-4.1.a */ = {isa = PBXFileReference; lastKnownFileType = archive.ar; name = "libitktestlib-4.1.a"; path = "../osirix/ITK180/lib/libitktestlib-4.1.a"; sourceTree = "<group>"; };
		663D9BFF195409800040B636 /* libitktiff-4.1.a */ = {isa = PBXFileReference; lastKnownFileType = archive.ar; name = "libitktiff-4.1.a"; path = "../osirix/ITK180/lib/libitktiff-4.1.a"; sourceTree = "<group>"; };
		663D9C00195409800040B636 /* libitkv3p_lsqr-4.1.a */ = {isa = PBXFileReference; lastKnownFileType = archive.ar; name = "libitkv3p_lsqr-4.1.a"; path = "../osirix/ITK180/lib/libitkv3p_lsqr-4.1.a"; sourceTree = "<group>"; };
		663D9C01195409800040B636 /* libitkv3p_netlib-4.1.a */ = {isa = PBXFileReference; lastKnownFileType = archive.ar; name = "libitkv3p_netlib-4.1.a"; path = "../osirix/ITK180/lib/libitkv3p_netlib-4.1.a"; sourceTree = "<group>"; };
		663D9C02195409800040B636 /* libitkvcl-4.1.a */ = {isa = PBXFileReference; lastKnownFileType = archive.ar; name = "libitkvcl-4.1.a"; path = "../osirix/ITK180/lib/libitkvcl-4.1.a"; sourceTree = "<group>"; };
		663D9C03195409800040B636 /* libITKVideoCore-4.1.a */ = {isa = PBXFileReference; lastKnownFileType = archive.ar; name = "libITKVideoCore-4.1.a"; path = "../osirix/ITK180/lib/libITKVideoCore-4.1.a"; sourceTree = "<group>"; };
		663D9C04195409800040B636 /* libITKVideoIO-4.1.a */ = {isa = PBXFileReference; lastKnownFileType = archive.ar; name = "libITKVideoIO-4.1.a"; path = "../osirix/ITK180/lib/libITKVideoIO-4.1.a"; sourceTree = "<group>"; };
		663D9C05195409800040B636 /* libitkvnl_algo-4.1.a */ = {isa = PBXFileReference; lastKnownFileType = archive.ar; name = "libitkvnl_algo-4.1.a"; path = "../osirix/ITK180/lib/libitkvnl_algo-4.1.a"; sourceTree = "<group>"; };
		663D9C06195409800040B636 /* libitkvnl-4.1.a */ = {isa = PBXFileReference; lastKnownFileType = archive.ar; name = "libitkvnl-4.1.a"; path = "../osirix/ITK180/lib/libitkvnl-4.1.a"; sourceTree = "<group>"; };
		663D9C07195409800040B636 /* libITKVNLInstantiation-4.1.a */ = {isa = PBXFileReference; lastKnownFileType = archive.ar; name = "libITKVNLInstantiation-4.1.a"; path = "../osirix/ITK180/lib/libITKVNLInstantiation-4.1.a"; sourceTree = "<group>"; };
		663D9C08195409800040B636 /* libITKVTK-4.1.a */ = {isa = PBXFileReference; lastKnownFileType = archive.ar; name = "libITKVTK-4.1.a"; path = "../osirix/ITK180/lib/libITKVTK-4.1.a"; sourceTree = "<group>"; };
		663D9C09195409800040B636 /* libITKWatersheds-4.1.a */ = {isa = PBXFileReference; lastKnownFileType = archive.ar; name = "libITKWatersheds-4.1.a"; path = "../osirix/ITK180/lib/libITKWatersheds-4.1.a"; sourceTree = "<group>"; };
		663D9C0A195409800040B636 /* libitkzlib-4.1.a */ = {isa = PBXFileReference; lastKnownFileType = archive.ar; name = "libitkzlib-4.1.a"; path = "../osirix/ITK180/lib/libitkzlib-4.1.a"; sourceTree = "<group>"; };
		663D9C0B195409810040B636 /* libITKznz-4.1.a */ = {isa = PBXFileReference; lastKnownFileType = archive.ar; name = "libITKznz-4.1.a"; path = "../osirix/ITK180/lib/libITKznz-4.1.a"; sourceTree = "<group>"; };
		66C200561952B550000FA937 /* MainNibWindowController.h */ = {isa = PBXFileReference; explicitFileType = sourcecode.c.h; fileEncoding = 4; path = MainNibWindowController.h; sourceTree = "<group>"; };
		66C200581952B550000FA937 /* MainNibWindowController.xib */ = {isa = PBXFileReference; fileEncoding = 4; lastKnownFileType = file.xib; path = MainNibWindowController.xib; sourceTree = "<group>"; };
		66C200601952B9FF000FA937 /* MainNibWindowController.m */ = {isa = PBXFileReference; explicitFileType = sourcecode.cpp.objcpp; fileEncoding = 4; path = MainNibWindowController.m; sourceTree = "<group>"; };
		66E26F291954430D0077153F /* ITKtestFilter.m */ = {isa = PBXFileReference; explicitFileType = sourcecode.cpp.objcpp; fileEncoding = 4; path = ITKtestFilter.m; sourceTree = "<group>"; };
		8420023112E829A200E1E9CE /* OsiriXAPI.framework */ = {isa = PBXFileReference; lastKnownFileType = wrapper.framework; path = OsiriXAPI.framework; sourceTree = "<group>"; };
		8D5B49B7048680CD000E48DA /* Info.plist */ = {isa = PBXFileReference; fileEncoding = 4; lastKnownFileType = text.plist.xml; path = Info.plist; sourceTree = "<group>"; };
		AB5D36050680E57E00F4007A /* ITKtest.osirixplugin */ = {isa = PBXFileReference; explicitFileType = wrapper.cfbundle; includeInIndex = 0; path = ITKtest.osirixplugin; sourceTree = BUILT_PRODUCTS_DIR; };
		ABA48A640680BB600089EB4F /* ITKtestFilter.h */ = {isa = PBXFileReference; explicitFileType = sourcecode.c.h; fileEncoding = 30; path = ITKtestFilter.h; sourceTree = "<group>"; };
/* End PBXFileReference section */

/* Begin PBXFrameworksBuildPhase section */
		8D5B49B3048680CD000E48DA /* Frameworks */ = {
			isa = PBXFrameworksBuildPhase;
			buildActionMask = 2147483647;
			files = (
				663D9C0C195409810040B636 /* libITKBiasCorrection-4.1.a in Frameworks */,
				663D9C0D195409810040B636 /* libITKBioCell-4.1.a in Frameworks */,
				663D9C0E195409810040B636 /* libITKCommon-4.1.a in Frameworks */,
				663D9C0F195409810040B636 /* libITKDeprecated-4.1.a in Frameworks */,
				663D9C10195409810040B636 /* libITKDICOMParser-4.1.a in Frameworks */,
				663D9C11195409810040B636 /* libITKEXPAT-4.1.a in Frameworks */,
				663D9C12195409810040B636 /* libITKFEM-4.1.a in Frameworks */,
				663D9C13195409810040B636 /* libitkgdcmCommon-4.1.a in Frameworks */,
				663D9C14195409810040B636 /* libitkgdcmDICT-4.1.a in Frameworks */,
				663D9C15195409810040B636 /* libitkgdcmDSED-4.1.a in Frameworks */,
				663D9C16195409810040B636 /* libitkgdcmIOD-4.1.a in Frameworks */,
				663D9C17195409810040B636 /* libitkgdcmjpeg8-4.1.a in Frameworks */,
				663D9C18195409810040B636 /* libitkgdcmjpeg12-4.1.a in Frameworks */,
				663D9C19195409810040B636 /* libitkgdcmjpeg16-4.1.a in Frameworks */,
				663D9C1A195409810040B636 /* libitkgdcmMSFF-4.1.a in Frameworks */,
				663D9C1B195409810040B636 /* libitkgdcmuuid-4.1.a in Frameworks */,
				663D9C1C195409810040B636 /* libITKgiftiio-4.1.a in Frameworks */,
				663D9C1D195409810040B636 /* libitkhdf5_cpp-4.1.a in Frameworks */,
				663D9C1E195409810040B636 /* libitkhdf5-4.1.a in Frameworks */,
				663D9C1F195409810040B636 /* libITKIOBioRad-4.1.a in Frameworks */,
				663D9C20195409810040B636 /* libITKIOBMP-4.1.a in Frameworks */,
				663D9C21195409810040B636 /* libITKIOCSV-4.1.a in Frameworks */,
				663D9C22195409810040B636 /* libITKIOGDCM-4.1.a in Frameworks */,
				663D9C23195409810040B636 /* libITKIOGE-4.1.a in Frameworks */,
				663D9C24195409810040B636 /* libITKIOGIPL-4.1.a in Frameworks */,
				663D9C25195409810040B636 /* libITKIOHDF5-4.1.a in Frameworks */,
				663D9C26195409810040B636 /* libITKIOImageBase-4.1.a in Frameworks */,
				663D9C27195409810040B636 /* libITKIOIPL-4.1.a in Frameworks */,
				663D9C28195409810040B636 /* libITKIOJPEG-4.1.a in Frameworks */,
				663D9C29195409810040B636 /* libITKIOLSM-4.1.a in Frameworks */,
				663D9C2A195409810040B636 /* libITKIOMesh-4.1.a in Frameworks */,
				663D9C2B195409810040B636 /* libITKIOMeta-4.1.a in Frameworks */,
				663D9C2C195409810040B636 /* libITKIONIFTI-4.1.a in Frameworks */,
				663D9C2D195409810040B636 /* libITKIONRRD-4.1.a in Frameworks */,
				663D9C2E195409810040B636 /* libITKIOPNG-4.1.a in Frameworks */,
				663D9C2F195409810040B636 /* libITKIOSiemens-4.1.a in Frameworks */,
				663D9C30195409810040B636 /* libITKIOSpatialObjects-4.1.a in Frameworks */,
				663D9C31195409810040B636 /* libITKIOStimulate-4.1.a in Frameworks */,
				663D9C32195409810040B636 /* libITKIOTIFF-4.1.a in Frameworks */,
				663D9C33195409810040B636 /* libITKIOTransformBase-4.1.a in Frameworks */,
				663D9C34195409810040B636 /* libITKIOTransformHDF5-4.1.a in Frameworks */,
				663D9C35195409810040B636 /* libITKIOTransformInsightLegacy-4.1.a in Frameworks */,
				663D9C36195409810040B636 /* libITKIOTransformMatlab-4.1.a in Frameworks */,
				663D9C37195409810040B636 /* libITKIOVTK-4.1.a in Frameworks */,
				663D9C38195409810040B636 /* libITKIOXML-4.1.a in Frameworks */,
				663D9C39195409810040B636 /* libitkjpeg-4.1.a in Frameworks */,
				663D9C3A195409810040B636 /* libITKKLMRegionGrowing-4.1.a in Frameworks */,
				663D9C3B195409810040B636 /* libITKLabelMap-4.1.a in Frameworks */,
				663D9C3C195409810040B636 /* libITKMesh-4.1.a in Frameworks */,
				663D9C3D195409810040B636 /* libITKMetaIO-4.1.a in Frameworks */,
				663D9C3E195409810040B636 /* libitkNetlibSlatec-4.1.a in Frameworks */,
				663D9C3F195409810040B636 /* libITKniftiio-4.1.a in Frameworks */,
				663D9C40195409810040B636 /* libITKNrrdIO-4.1.a in Frameworks */,
				663D9C41195409810040B636 /* libitkopenjpeg-4.1.a in Frameworks */,
				663D9C42195409810040B636 /* libITKOptimizers-4.1.a in Frameworks */,
				663D9C43195409810040B636 /* libITKOptimizersv4-4.1.a in Frameworks */,
				663D9C44195409810040B636 /* libITKPath-4.1.a in Frameworks */,
				663D9C45195409810040B636 /* libitkpng-4.1.a in Frameworks */,
				663D9C46195409810040B636 /* libITKPolynomials-4.1.a in Frameworks */,
				663D9C47195409810040B636 /* libITKQuadEdgeMesh-4.1.a in Frameworks */,
				663D9C48195409810040B636 /* libITKReview-4.1.a in Frameworks */,
				663D9C49195409810040B636 /* libITKSpatialObjects-4.1.a in Frameworks */,
				663D9C4A195409810040B636 /* libITKStatistics-4.1.a in Frameworks */,
				663D9C4B195409810040B636 /* libitksys-4.1.a in Frameworks */,
				663D9C4C195409810040B636 /* libitktestlib-4.1.a in Frameworks */,
				663D9C4D195409810040B636 /* libitktiff-4.1.a in Frameworks */,
				663D9C4E195409810040B636 /* libitkv3p_lsqr-4.1.a in Frameworks */,
				663D9C4F195409810040B636 /* libitkv3p_netlib-4.1.a in Frameworks */,
				663D9C50195409810040B636 /* libitkvcl-4.1.a in Frameworks */,
				663D9C51195409810040B636 /* libITKVideoCore-4.1.a in Frameworks */,
				663D9C52195409810040B636 /* libITKVideoIO-4.1.a in Frameworks */,
				663D9C53195409810040B636 /* libitkvnl_algo-4.1.a in Frameworks */,
				663D9C54195409810040B636 /* libitkvnl-4.1.a in Frameworks */,
				663D9C55195409810040B636 /* libITKVNLInstantiation-4.1.a in Frameworks */,
				663D9C56195409810040B636 /* libITKVTK-4.1.a in Frameworks */,
				663D9C57195409810040B636 /* libITKWatersheds-4.1.a in Frameworks */,
				663D9C58195409810040B636 /* libitkzlib-4.1.a in Frameworks */,
				663D9C59195409810040B636 /* libITKznz-4.1.a in Frameworks */,
				8D5B49B4048680CD000E48DA /* Cocoa.framework in Frameworks */,
				8420023212E829A200E1E9CE /* OsiriXAPI.framework in Frameworks */,
			);
			runOnlyForDeploymentPostprocessing = 0;
		};
/* End PBXFrameworksBuildPhase section */

/* Begin PBXGroup section */
		089C166AFE841209C02AAC07 /* ITKtest */ = {
			isa = PBXGroup;
			children = (
				08FB77AFFE84173DC02AAC07 /* Classes */,
				32C88E010371C26100C91783 /* Other Sources */,
				089C167CFE841241C02AAC07 /* Resources */,
				089C1671FE841209C02AAC07 /* Frameworks and Libraries */,
				19C28FB8FE9D52D311CA2CBB /* Products */,
			);
			name = ITKtest;
			sourceTree = "<group>";
		};
		089C1671FE841209C02AAC07 /* Frameworks and Libraries */ = {
			isa = PBXGroup;
			children = (
				8420023112E829A200E1E9CE /* OsiriXAPI.framework */,
				1058C7ACFEA557BF11CA2CBB /* Linked Frameworks */,
				1058C7AEFEA557BF11CA2CBB /* Other Frameworks */,
			);
			name = "Frameworks and Libraries";
			sourceTree = "<group>";
		};
		089C167CFE841241C02AAC07 /* Resources */ = {
			isa = PBXGroup;
			children = (
				8D5B49B7048680CD000E48DA /* Info.plist */,
				089C167DFE841241C02AAC07 /* InfoPlist.strings */,
			);
			name = Resources;
			sourceTree = "<group>";
		};
		08FB77AFFE84173DC02AAC07 /* Classes */ = {
			isa = PBXGroup;
			children = (
				AB2C26750677B0C400A08910 /* ITKtestFilter */,
			);
			name = Classes;
			sourceTree = "<group>";
		};
		1058C7ACFEA557BF11CA2CBB /* Linked Frameworks */ = {
			isa = PBXGroup;
			children = (
				663D9C5B19540A100040B636 /* ITK180 */,
				1058C7ADFEA557BF11CA2CBB /* Cocoa.framework */,
			);
			name = "Linked Frameworks";
			sourceTree = "<group>";
		};
		1058C7AEFEA557BF11CA2CBB /* Other Frameworks */ = {
			isa = PBXGroup;
			children = (
				089C1672FE841209C02AAC07 /* Foundation.framework */,
				089C167FFE841241C02AAC07 /* AppKit.framework */,
			);
			name = "Other Frameworks";
			sourceTree = "<group>";
		};
		19C28FB8FE9D52D311CA2CBB /* Products */ = {
			isa = PBXGroup;
			children = (
				AB5D36050680E57E00F4007A /* ITKtest.osirixplugin */,
			);
			name = Products;
			sourceTree = "<group>";
		};
		32C88E010371C26100C91783 /* Other Sources */ = {
			isa = PBXGroup;
			children = (
				32DBCF630370AF2F00C91783 /* ITKtest_Prefix.pch */,
			);
			name = "Other Sources";
			sourceTree = "<group>";
		};
		663D9C5B19540A100040B636 /* ITK180 */ = {
			isa = PBXGroup;
			children = (
				663D9BBE1954097C0040B636 /* libITKBiasCorrection-4.1.a */,
				663D9BBF1954097C0040B636 /* libITKBioCell-4.1.a */,
				663D9BC01954097C0040B636 /* libITKCommon-4.1.a */,
				663D9BC11954097C0040B636 /* libITKDeprecated-4.1.a */,
				663D9BC21954097C0040B636 /* libITKDICOMParser-4.1.a */,
				663D9BC31954097C0040B636 /* libITKEXPAT-4.1.a */,
				663D9BC41954097C0040B636 /* libITKFEM-4.1.a */,
				663D9BC51954097C0040B636 /* libitkgdcmCommon-4.1.a */,
				663D9BC61954097D0040B636 /* libitkgdcmDICT-4.1.a */,
				663D9BC71954097D0040B636 /* libitkgdcmDSED-4.1.a */,
				663D9BC81954097D0040B636 /* libitkgdcmIOD-4.1.a */,
				663D9BC91954097D0040B636 /* libitkgdcmjpeg8-4.1.a */,
				663D9BCA1954097D0040B636 /* libitkgdcmjpeg12-4.1.a */,
				663D9BCB1954097D0040B636 /* libitkgdcmjpeg16-4.1.a */,
				663D9BCC1954097D0040B636 /* libitkgdcmMSFF-4.1.a */,
				663D9BCD1954097D0040B636 /* libitkgdcmuuid-4.1.a */,
				663D9BCE1954097D0040B636 /* libITKgiftiio-4.1.a */,
				663D9BCF1954097D0040B636 /* libitkhdf5_cpp-4.1.a */,
				663D9BD01954097D0040B636 /* libitkhdf5-4.1.a */,
				663D9BD11954097D0040B636 /* libITKIOBioRad-4.1.a */,
				663D9BD21954097D0040B636 /* libITKIOBMP-4.1.a */,
				663D9BD31954097D0040B636 /* libITKIOCSV-4.1.a */,
				663D9BD41954097D0040B636 /* libITKIOGDCM-4.1.a */,
				663D9BD51954097D0040B636 /* libITKIOGE-4.1.a */,
				663D9BD61954097D0040B636 /* libITKIOGIPL-4.1.a */,
				663D9BD71954097E0040B636 /* libITKIOHDF5-4.1.a */,
				663D9BD81954097E0040B636 /* libITKIOImageBase-4.1.a */,
				663D9BD91954097E0040B636 /* libITKIOIPL-4.1.a */,
				663D9BDA1954097E0040B636 /* libITKIOJPEG-4.1.a */,
				663D9BDB1954097E0040B636 /* libITKIOLSM-4.1.a */,
				663D9BDC1954097E0040B636 /* libITKIOMesh-4.1.a */,
				663D9BDD1954097E0040B636 /* libITKIOMeta-4.1.a */,
				663D9BDE1954097E0040B636 /* libITKIONIFTI-4.1.a */,
				663D9BDF1954097E0040B636 /* libITKIONRRD-4.1.a */,
				663D9BE01954097E0040B636 /* libITKIOPNG-4.1.a */,
				663D9BE11954097E0040B636 /* libITKIOSiemens-4.1.a */,
				663D9BE21954097E0040B636 /* libITKIOSpatialObjects-4.1.a */,
				663D9BE31954097E0040B636 /* libITKIOStimulate-4.1.a */,
				663D9BE41954097E0040B636 /* libITKIOTIFF-4.1.a */,
				663D9BE51954097E0040B636 /* libITKIOTransformBase-4.1.a */,
				663D9BE61954097E0040B636 /* libITKIOTransformHDF5-4.1.a */,
				663D9BE71954097E0040B636 /* libITKIOTransformInsightLegacy-4.1.a */,
				663D9BE81954097E0040B636 /* libITKIOTransformMatlab-4.1.a */,
				663D9BE91954097F0040B636 /* libITKIOVTK-4.1.a */,
				663D9BEA1954097F0040B636 /* libITKIOXML-4.1.a */,
				663D9BEB1954097F0040B636 /* libitkjpeg-4.1.a */,
				663D9BEC1954097F0040B636 /* libITKKLMRegionGrowing-4.1.a */,
				663D9BED1954097F0040B636 /* libITKLabelMap-4.1.a */,
				663D9BEE1954097F0040B636 /* libITKMesh-4.1.a */,
				663D9BEF1954097F0040B636 /* libITKMetaIO-4.1.a */,
				663D9BF01954097F0040B636 /* libitkNetlibSlatec-4.1.a */,
				663D9BF11954097F0040B636 /* libITKniftiio-4.1.a */,
				663D9BF21954097F0040B636 /* libITKNrrdIO-4.1.a */,
				663D9BF31954097F0040B636 /* libitkopenjpeg-4.1.a */,
				663D9BF41954097F0040B636 /* libITKOptimizers-4.1.a */,
				663D9BF51954097F0040B636 /* libITKOptimizersv4-4.1.a */,
				663D9BF61954097F0040B636 /* libITKPath-4.1.a */,
				663D9BF71954097F0040B636 /* libitkpng-4.1.a */,
				663D9BF81954097F0040B636 /* libITKPolynomials-4.1.a */,
				663D9BF91954097F0040B636 /* libITKQuadEdgeMesh-4.1.a */,
				663D9BFA195409800040B636 /* libITKReview-4.1.a */,
				663D9BFB195409800040B636 /* libITKSpatialObjects-4.1.a */,
				663D9BFC195409800040B636 /* libITKStatistics-4.1.a */,
				663D9BFD195409800040B636 /* libitksys-4.1.a */,
				663D9BFE195409800040B636 /* libitktestlib-4.1.a */,
				663D9BFF195409800040B636 /* libitktiff-4.1.a */,
				663D9C00195409800040B636 /* libitkv3p_lsqr-4.1.a */,
				663D9C01195409800040B636 /* libitkv3p_netlib-4.1.a */,
				663D9C02195409800040B636 /* libitkvcl-4.1.a */,
				663D9C03195409800040B636 /* libITKVideoCore-4.1.a */,
				663D9C04195409800040B636 /* libITKVideoIO-4.1.a */,
				663D9C05195409800040B636 /* libitkvnl_algo-4.1.a */,
				663D9C06195409800040B636 /* libitkvnl-4.1.a */,
				663D9C07195409800040B636 /* libITKVNLInstantiation-4.1.a */,
				663D9C08195409800040B636 /* libITKVTK-4.1.a */,
				663D9C09195409800040B636 /* libITKWatersheds-4.1.a */,
				663D9C0A195409800040B636 /* libitkzlib-4.1.a */,
				663D9C0B195409810040B636 /* libITKznz-4.1.a */,
			);
			name = ITK180;
			sourceTree = "<group>";
		};
		AB2C26750677B0C400A08910 /* ITKtestFilter */ = {
			isa = PBXGroup;
			children = (
				ABA48A640680BB600089EB4F /* ITKtestFilter.h */,
				66E26F291954430D0077153F /* ITKtestFilter.m */,
				66C200561952B550000FA937 /* MainNibWindowController.h */,
				66C200601952B9FF000FA937 /* MainNibWindowController.m */,
				66C200581952B550000FA937 /* MainNibWindowController.xib */,
			);
			name = ITKtestFilter;
			sourceTree = "<group>";
		};
/* End PBXGroup section */

/* Begin PBXHeadersBuildPhase section */
		8D5B49AD048680CD000E48DA /* Headers */ = {
			isa = PBXHeadersBuildPhase;
			buildActionMask = 2147483647;
			files = (
				8D5B49AE048680CD000E48DA /* ITKtest_Prefix.pch in Headers */,
				66C200591952B550000FA937 /* MainNibWindowController.h in Headers */,
				ABA48A650680BB600089EB4F /* ITKtestFilter.h in Headers */,
			);
			runOnlyForDeploymentPostprocessing = 0;
		};
/* End PBXHeadersBuildPhase section */

/* Begin PBXNativeTarget section */
		8D5B49AC048680CD000E48DA /* ITKtest */ = {
			isa = PBXNativeTarget;
			buildConfigurationList = CE6A9A9008AC841300D0C1EE /* Build configuration list for PBXNativeTarget "ITKtest" */;
			buildPhases = (
				8D5B49AD048680CD000E48DA /* Headers */,
				8D5B49AF048680CD000E48DA /* Resources */,
				8D5B49B1048680CD000E48DA /* Sources */,
				8D5B49B3048680CD000E48DA /* Frameworks */,
				8D5B49B5048680CD000E48DA /* Rez */,
			);
			buildRules = (
			);
			dependencies = (
			);
			name = ITKtest;
			productInstallPath = "$(HOME)/Library/Bundles";
			productName = Invert;
			productReference = AB5D36050680E57E00F4007A /* ITKtest.osirixplugin */;
			productType = "com.apple.product-type.bundle";
		};
/* End PBXNativeTarget section */

/* Begin PBXProject section */
		089C1669FE841209C02AAC07 /* Project object */ = {
			isa = PBXProject;
			attributes = {
				LastUpgradeCheck = 0510;
			};
			buildConfigurationList = CE6A9A9408AC841300D0C1EE /* Build configuration list for PBXProject "ITKtest" */;
			compatibilityVersion = "Xcode 3.2";
			developmentRegion = English;
			hasScannedForEncodings = 1;
			knownRegions = (
				English,
				Japanese,
				French,
				German,
			);
			mainGroup = 089C166AFE841209C02AAC07 /* ITKtest */;
			projectDirPath = "";
			projectRoot = "";
			targets = (
				8D5B49AC048680CD000E48DA /* ITKtest */,
			);
		};
/* End PBXProject section */

/* Begin PBXResourcesBuildPhase section */
		8D5B49AF048680CD000E48DA /* Resources */ = {
			isa = PBXResourcesBuildPhase;
			buildActionMask = 2147483647;
			files = (
				66C2005B1952B550000FA937 /* MainNibWindowController.xib in Resources */,
				8D5B49B0048680CD000E48DA /* InfoPlist.strings in Resources */,
			);
			runOnlyForDeploymentPostprocessing = 0;
		};
/* End PBXResourcesBuildPhase section */

/* Begin PBXRezBuildPhase section */
		8D5B49B5048680CD000E48DA /* Rez */ = {
			isa = PBXRezBuildPhase;
			buildActionMask = 2147483647;
			files = (
			);
			runOnlyForDeploymentPostprocessing = 0;
		};
/* End PBXRezBuildPhase section */

/* Begin PBXSourcesBuildPhase section */
		8D5B49B1048680CD000E48DA /* Sources */ = {
			isa = PBXSourcesBuildPhase;
			buildActionMask = 2147483647;
			files = (
				66E26F2A1954430D0077153F /* ITKtestFilter.m in Sources */,
				66C200611952B9FF000FA937 /* MainNibWindowController.m in Sources */,
			);
			runOnlyForDeploymentPostprocessing = 0;
		};
/* End PBXSourcesBuildPhase section */

/* Begin PBXVariantGroup section */
		089C167DFE841241C02AAC07 /* InfoPlist.strings */ = {
			isa = PBXVariantGroup;
			children = (
				089C167EFE841241C02AAC07 /* English */,
			);
			name = InfoPlist.strings;
			sourceTree = "<group>";
		};
/* End PBXVariantGroup section */

/* Begin XCBuildConfiguration section */
		CE6A9A9108AC841300D0C1EE /* Development */ = {
			isa = XCBuildConfiguration;
			buildSettings = {
				CLANG_CXX_LANGUAGE_STANDARD = "compiler-default";
				CLANG_CXX_LIBRARY = "compiler-default";
				COMBINE_HIDPI_IMAGES = YES;
				COPY_PHASE_STRIP = NO;
				DEBUGGING_SYMBOLS = YES;
				FRAMEWORK_SEARCH_PATHS = (
					"$(inherited)",
					"\"$(SRCROOT)\"",
				);
				GCC_C_LANGUAGE_STANDARD = "compiler-default";
				GCC_DYNAMIC_NO_PIC = NO;
				GCC_ENABLE_FIX_AND_CONTINUE = YES;
				GCC_ENABLE_TRIGRAPHS = NO;
				GCC_GENERATE_DEBUGGING_SYMBOLS = YES;
				GCC_OPTIMIZATION_LEVEL = 0;
				GCC_PRECOMPILE_PREFIX_HEADER = YES;
				GCC_PREFIX_HEADER = ITKtest_Prefix.pch;
				GCC_WARN_FOUR_CHARACTER_CONSTANTS = NO;
				GCC_WARN_UNKNOWN_PRAGMAS = NO;
				HEADER_SEARCH_PATHS = "";
				INFOPLIST_FILE = Info.plist;
				INSTALL_PATH = "@executable_path/../Plug-ins";
				LIBRARY_SEARCH_PATHS = /Users/longpun/osirix/osirix/ITK180/lib;
				LIBRARY_STYLE = Bundle;
				MACOSX_DEPLOYMENT_TARGET = 10.8;
				OTHER_CFLAGS = "";
				OTHER_LDFLAGS = (
					"-undefined",
					dynamic_lookup,
				);
				OTHER_REZFLAGS = "";
				PRODUCT_NAME = ITKtest;
				SECTORDER_FLAGS = "";
				USER_HEADER_SEARCH_PATHS = "ITK180/Modules/Core/Common/include ITK180/Modules/ThirdParty/VNL/src/vxl/core ITK180/Modules/ThirdParty/VNL/src/vxl/vcl ITK180/Modules/Core/Common ITK180/Modules/Core/Mesh/include ITK180/Modules/Segmentation/RegionGrowing/include ITK180/Modules/Filtering/CurvatureFlow/include ITK180/Modules/Core/ImageFunction/include ITK180/Modules/Core/FiniteDifference/include ITK180/Modules/Filtering/ImageFilterBase/include ITK180/Modules/Segmentation/LevelSets/include ITK180/Modules/Filtering/FastMarching/include ITK180/Modules/Filtering/ImageIntensity/include ITK180/Modules/Filtering/MathematicalMorphology/include ITK180/Modules/Bridge/VTK/include ITK180/Modules/Core/Transform/include ITK180/Modules/Filtering/BinaryMathematicalMorphology/include ITK180/Modules/ThirdParty/NrrdIO/src/NrrdIO ITK180/Modules/Filtering/** ITK180/Modules/Numerics/Polynomials/include ITK180/Modules/Numerics/**";
				WARNING_CFLAGS = (
					"-Wmost",
					"-Wno-four-char-constants",
					"-Wno-unknown-pragmas",
				);
				WRAPPER_EXTENSION = osirixplugin;
				ZERO_LINK = NO;
			};
			name = Development;
		};
		CE6A9A9208AC841300D0C1EE /* Deployment */ = {
			isa = XCBuildConfiguration;
			buildSettings = {
				CLANG_CXX_LANGUAGE_STANDARD = "compiler-default";
				CLANG_CXX_LIBRARY = "compiler-default";
				COMBINE_HIDPI_IMAGES = YES;
				COPY_PHASE_STRIP = YES;
				FRAMEWORK_SEARCH_PATHS = (
					"$(inherited)",
					"\"$(SRCROOT)\"",
				);
				GCC_C_LANGUAGE_STANDARD = "compiler-default";
				GCC_ENABLE_FIX_AND_CONTINUE = NO;
				GCC_ENABLE_TRIGRAPHS = NO;
				GCC_PRECOMPILE_PREFIX_HEADER = YES;
				GCC_PREFIX_HEADER = ITKtest_Prefix.pch;
				GCC_WARN_FOUR_CHARACTER_CONSTANTS = NO;
				GCC_WARN_UNKNOWN_PRAGMAS = NO;
				HEADER_SEARCH_PATHS = "";
				INFOPLIST_FILE = Info.plist;
				INSTALL_PATH = "@executable_path/../Plug-ins";
				LIBRARY_SEARCH_PATHS = /Users/longpun/osirix/osirix/ITK180/lib;
				LIBRARY_STYLE = Bundle;
				MACOSX_DEPLOYMENT_TARGET = 10.8;
				OTHER_CFLAGS = "";
				OTHER_LDFLAGS = (
					"-undefined",
					dynamic_lookup,
				);
				OTHER_REZFLAGS = "";
				PRODUCT_NAME = ITKtest;
				SECTORDER_FLAGS = "";
				USER_HEADER_SEARCH_PATHS = "ITK180/Modules/Core/Common/include ITK180/Modules/ThirdParty/VNL/src/vxl/core ITK180/Modules/ThirdParty/VNL/src/vxl/vcl ITK180/Modules/Core/Common ITK180/Modules/Core/Mesh/include ITK180/Modules/Segmentation/RegionGrowing/include ITK180/Modules/Filtering/CurvatureFlow/include ITK180/Modules/Core/ImageFunction/include ITK180/Modules/Core/FiniteDifference/include ITK180/Modules/Filtering/ImageFilterBase/include ITK180/Modules/Segmentation/LevelSets/include ITK180/Modules/Filtering/FastMarching/include ITK180/Modules/Filtering/ImageIntensity/include ITK180/Modules/Filtering/MathematicalMorphology/include ITK180/Modules/Bridge/VTK/include ITK180/Modules/Core/Transform/include ITK180/Modules/Filtering/BinaryMathematicalMorphology/include ITK180/Modules/ThirdParty/NrrdIO/src/NrrdIO ITK180/Modules/Filtering/** ITK180/Modules/Numerics/Polynomials/include ITK180/Modules/Numerics/**";
				WARNING_CFLAGS = (
					"-Wmost",
					"-Wno-four-char-constants",
					"-Wno-unknown-pragmas",
				);
				WRAPPER_EXTENSION = osirixplugin;
				ZERO_LINK = NO;
			};
			name = Deployment;
		};
		CE6A9A9508AC841300D0C1EE /* Development */ = {
			isa = XCBuildConfiguration;
			buildSettings = {
				ARCHS = "$(ARCHS_STANDARD_32_BIT)";
				CLANG_CXX_LANGUAGE_STANDARD = "compiler-default";
				CLANG_CXX_LIBRARY = "compiler-default";
				MACOSX_DEPLOYMENT_TARGET = 10.8;
				SDKROOT = macosx10.8;
			};
			name = Development;
		};
		CE6A9A9608AC841300D0C1EE /* Deployment */ = {
			isa = XCBuildConfiguration;
			buildSettings = {
				ARCHS = "$(ARCHS_STANDARD_32_BIT)";
				CLANG_CXX_LANGUAGE_STANDARD = "compiler-default";
				CLANG_CXX_LIBRARY = "compiler-default";
				MACOSX_DEPLOYMENT_TARGET = 10.8;
				SDKROOT = macosx10.8;
			};
			name = Deployment;
		};
/* End XCBuildConfiguration section */

/* Begin XCConfigurationList section */
		CE6A9A9008AC841300D0C1EE /* Build configuration list for PBXNativeTarget "ITKtest" */ = {
			isa = XCConfigurationList;
			buildConfigurations = (
				CE6A9A9108AC841300D0C1EE /* Development */,
				CE6A9A9208AC841300D0C1EE /* Deployment */,
			);
			defaultConfigurationIsVisible = 0;
			defaultConfigurationName = Development;
		};
		CE6A9A9408AC841300D0C1EE /* Build configuration list for PBXProject "ITKtest" */ = {
			isa = XCConfigurationList;
			buildConfigurations = (
				CE6A9A9508AC841300D0C1EE /* Development */,
				CE6A9A9608AC841300D0C1EE /* Deployment */,
			);
			defaultConfigurationIsVisible = 0;
			defaultConfigurationName = Development;
		};
/* End XCConfigurationList section */
	};
	rootObject = 089C1669FE841209C02AAC07 /* Project object */;
}
